
Microsoft Visual Studio Solution File, Format Version 12.00
# Visual Studio Version 16
VisualStudioVersion = 16.0.32602.291
MinimumVisualStudioVersion = 10.0.40219.1
Project("{8BC9CEB8-8B4A-11D0-8D11-00A0C91BC942}") = "MinMax", "MinMax.vcxproj", "{E740B021-8D0D-469E-AECD-527D7A1E27E8}"
EndProject
Global
	GlobalSection(SolutionConfigurationPlatforms) = preSolution
		Debug|x64 = Debug|x64
		Debug|x86 = Debug|x86
		Release|x64 = Release|x64
		Release|x86 = Release|x86
	EndGlobalSection
	GlobalSection(ProjectConfigurationPlatforms) = postSolution
		{E740B021-8D0D-469E-AECD-527D7A1E27E8}.Debug|x64.ActiveCfg = Debug|x64
		{E740B021-8D0D-469E-AECD-527D7A1E27E8}.Debug|x64.Build.0 = Debug|x64
		{E740B021-8D0D-469E-AECD-527D7A1E27E8}.Debug|x86.ActiveCfg = Debug|Win32
		{E740B021-8D0D-469E-AECD-527D7A1E27E8}.Debug|x86.Build.0 = Debug|Win32
		{E740B021-8D0D-469E-AECD-527D7A1E27E8}.Release|x64.ActiveCfg = Release|x64
		{E740B021-8D0D-469E-AECD-527D7A1E27E8}.Release|x64.Build.0 = Release|x64
		{E740B021-8D0D-469E-AECD-527D7A1E27E8}.Release|x86.ActiveCfg = Release|Win32
		{E740B021-8D0D-469E-AECD-527D7A1E27E8}.Release|x86.Build.0 = Release|Win32
	EndGlobalSection
	GlobalSection(SolutionProperties) = preSolution
		HideSolutionNode = FALSE
	EndGlobalSection
	GlobalSection(ExtensibilityGlobals) = postSolution
		SolutionGuid = {9369A137-ACAB-4655-BEDA-6D4BD27659F7}
	EndGlobalSection
EndGlobal
